
Microsoft Visual Studio Solution File, Format Version 12.00
# Visual Studio Version 16
VisualStudioVersion = 16.0.31605.320
MinimumVisualStudioVersion = 10.0.40219.1
Project("{FAE04EC0-301F-11D3-BF4B-00C04F79EFBC}") = "ESchool.API", "ESchool.API\ESchool.API.csproj", "{C4B9CC1F-D26E-41FF-BC58-6BDF25FEBEFC}"
EndProject
Global
	GlobalSection(SolutionConfigurationPlatforms) = preSolution
		Debug|Any CPU = Debug|Any CPU
		Release|Any CPU = Release|Any CPU
	EndGlobalSection
	GlobalSection(ProjectConfigurationPlatforms) = postSolution
		{C4B9CC1F-D26E-41FF-BC58-6BDF25FEBEFC}.Debug|Any CPU.ActiveCfg = Debug|Any CPU
		{C4B9CC1F-D26E-41FF-BC58-6BDF25FEBEFC}.Debug|Any CPU.Build.0 = Debug|Any CPU
		{C4B9CC1F-D26E-41FF-BC58-6BDF25FEBEFC}.Release|Any CPU.ActiveCfg = Release|Any CPU
		{C4B9CC1F-D26E-41FF-BC58-6BDF25FEBEFC}.Release|Any CPU.Build.0 = Release|Any CPU
	EndGlobalSection
	GlobalSection(SolutionProperties) = preSolution
		HideSolutionNode = FALSE
	EndGlobalSection
	GlobalSection(ExtensibilityGlobals) = postSolution
		SolutionGuid = {1860A844-0940-4B13-8CFA-EFD3BDFFE000}
	EndGlobalSection
EndGlobal
